
Microsoft Visual Studio Solution File, Format Version 12.00
# Visual Studio Version 17
VisualStudioVersion = 17.0.31903.59
MinimumVisualStudioVersion = 10.0.40219.1
Project("{FAE04EC0-301F-11D3-BF4B-00C04F79EFBC}") = "src", "src\src.csproj", "{73C2CF81-1E36-4EBF-8042-F24F9FD630EC}"
EndProject
Project("{FAE04EC0-301F-11D3-BF4B-00C04F79EFBC}") = "test", "test\test.csproj", "{B6ECD937-381A-4ED7-9170-C37F0655FEF5}"
EndProject
Global
	GlobalSection(SolutionConfigurationPlatforms) = preSolution
		Debug|Any CPU = Debug|Any CPU
		Release|Any CPU = Release|Any CPU
	EndGlobalSection
	GlobalSection(SolutionProperties) = preSolution
		HideSolutionNode = FALSE
	EndGlobalSection
	GlobalSection(ProjectConfigurationPlatforms) = postSolution
		{73C2CF81-1E36-4EBF-8042-F24F9FD630EC}.Debug|Any CPU.ActiveCfg = Debug|Any CPU
		{73C2CF81-1E36-4EBF-8042-F24F9FD630EC}.Debug|Any CPU.Build.0 = Debug|Any CPU
		{73C2CF81-1E36-4EBF-8042-F24F9FD630EC}.Release|Any CPU.ActiveCfg = Release|Any CPU
		{73C2CF81-1E36-4EBF-8042-F24F9FD630EC}.Release|Any CPU.Build.0 = Release|Any CPU
		{B6ECD937-381A-4ED7-9170-C37F0655FEF5}.Debug|Any CPU.ActiveCfg = Debug|Any CPU
		{B6ECD937-381A-4ED7-9170-C37F0655FEF5}.Debug|Any CPU.Build.0 = Debug|Any CPU
		{B6ECD937-381A-4ED7-9170-C37F0655FEF5}.Release|Any CPU.ActiveCfg = Release|Any CPU
		{B6ECD937-381A-4ED7-9170-C37F0655FEF5}.Release|Any CPU.Build.0 = Release|Any CPU
	EndGlobalSection
EndGlobal
